// !$*UTF8*$!
{
	archiveVersion = 1;
	classes = {
	};
	objectVersion = 51;
	objects = {

/* Begin PBXBuildFile section */
		088CB14D8D97971150F6914F /* Pods_Parstagram.framework in Frameworks */ = {isa = PBXBuildFile; fileRef = 9E75003AAC163E9712A0179B /* Pods_Parstagram.framework */; };
		14102E3A240DE54100133777 /* LoginViewController.swift in Sources */ = {isa = PBXBuildFile; fileRef = 14102E39240DE54100133777 /* LoginViewController.swift */; };
		14102E3C240DE55B00133777 /* FeedViewController.swift in Sources */ = {isa = PBXBuildFile; fileRef = 14102E3B240DE55B00133777 /* FeedViewController.swift */; };
		14102E3E240DF52500133777 /* CameraViewController.swift in Sources */ = {isa = PBXBuildFile; fileRef = 14102E3D240DF52500133777 /* CameraViewController.swift */; };
		14102E40240E190E00133777 /* PostCell.swift in Sources */ = {isa = PBXBuildFile; fileRef = 14102E3F240E190E00133777 /* PostCell.swift */; };
		1423102F240DD8950046B5B7 /* AppDelegate.swift in Sources */ = {isa = PBXBuildFile; fileRef = 1423102E240DD8950046B5B7 /* AppDelegate.swift */; };
		14231031240DD8950046B5B7 /* SceneDelegate.swift in Sources */ = {isa = PBXBuildFile; fileRef = 14231030240DD8950046B5B7 /* SceneDelegate.swift */; };
		14231036240DD8950046B5B7 /* Main.storyboard in Resources */ = {isa = PBXBuildFile; fileRef = 14231034240DD8950046B5B7 /* Main.storyboard */; };
		14231038240DD8970046B5B7 /* Assets.xcassets in Resources */ = {isa = PBXBuildFile; fileRef = 14231037240DD8970046B5B7 /* Assets.xcassets */; };
		1423103B240DD8970046B5B7 /* LaunchScreen.storyboard in Resources */ = {isa = PBXBuildFile; fileRef = 14231039240DD8970046B5B7 /* LaunchScreen.storyboard */; };
		14231046240DD8980046B5B7 /* ParstagramTests.swift in Sources */ = {isa = PBXBuildFile; fileRef = 14231045240DD8980046B5B7 /* ParstagramTests.swift */; };
		14231051240DD8980046B5B7 /* ParstagramUITests.swift in Sources */ = {isa = PBXBuildFile; fileRef = 14231050240DD8980046B5B7 /* ParstagramUITests.swift */; };
		E37D83D5F463BBFE6E6B40E4 /* Pods_ParstagramTests.framework in Frameworks */ = {isa = PBXBuildFile; fileRef = 67813B5C919C729A59C92BEA /* Pods_ParstagramTests.framework */; };
		F5C73C5B29F5BBF85BE71118 /* Pods_Parstagram_ParstagramUITests.framework in Frameworks */ = {isa = PBXBuildFile; fileRef = 92F6708B0CC0B3F1B50CE919 /* Pods_Parstagram_ParstagramUITests.framework */; };
/* End PBXBuildFile section */

/* Begin PBXContainerItemProxy section */
		14231042240DD8980046B5B7 /* PBXContainerItemProxy */ = {
			isa = PBXContainerItemProxy;
			containerPortal = 14231023240DD8940046B5B7 /* Project object */;
			proxyType = 1;
			remoteGlobalIDString = 1423102A240DD8940046B5B7;
			remoteInfo = Parstagram;
		};
		1423104D240DD8980046B5B7 /* PBXContainerItemProxy */ = {
			isa = PBXContainerItemProxy;
			containerPortal = 14231023240DD8940046B5B7 /* Project object */;
			proxyType = 1;
			remoteGlobalIDString = 1423102A240DD8940046B5B7;
			remoteInfo = Parstagram;
		};
/* End PBXContainerItemProxy section */

/* Begin PBXFileReference section */
		14102E39240DE54100133777 /* LoginViewController.swift */ = {isa = PBXFileReference; lastKnownFileType = sourcecode.swift; path = LoginViewController.swift; sourceTree = "<group>"; };
		14102E3B240DE55B00133777 /* FeedViewController.swift */ = {isa = PBXFileReference; lastKnownFileType = sourcecode.swift; path = FeedViewController.swift; sourceTree = "<group>"; };
		14102E3D240DF52500133777 /* CameraViewController.swift */ = {isa = PBXFileReference; lastKnownFileType = sourcecode.swift; path = CameraViewController.swift; sourceTree = "<group>"; };
		14102E3F240E190E00133777 /* PostCell.swift */ = {isa = PBXFileReference; lastKnownFileType = sourcecode.swift; path = PostCell.swift; sourceTree = "<group>"; };
		1423102B240DD8950046B5B7 /* Parstagram.app */ = {isa = PBXFileReference; explicitFileType = wrapper.application; includeInIndex = 0; path = Parstagram.app; sourceTree = BUILT_PRODUCTS_DIR; };
		1423102E240DD8950046B5B7 /* AppDelegate.swift */ = {isa = PBXFileReference; lastKnownFileType = sourcecode.swift; path = AppDelegate.swift; sourceTree = "<group>"; };
		14231030240DD8950046B5B7 /* SceneDelegate.swift */ = {isa = PBXFileReference; lastKnownFileType = sourcecode.swift; path = SceneDelegate.swift; sourceTree = "<group>"; };
		14231035240DD8950046B5B7 /* Base */ = {isa = PBXFileReference; lastKnownFileType = file.storyboard; name = Base; path = Base.lproj/Main.storyboard; sourceTree = "<group>"; };
		14231037240DD8970046B5B7 /* Assets.xcassets */ = {isa = PBXFileReference; lastKnownFileType = folder.assetcatalog; path = Assets.xcassets; sourceTree = "<group>"; };
		1423103A240DD8970046B5B7 /* Base */ = {isa = PBXFileReference; lastKnownFileType = file.storyboard; name = Base; path = Base.lproj/LaunchScreen.storyboard; sourceTree = "<group>"; };
		1423103C240DD8970046B5B7 /* Info.plist */ = {isa = PBXFileReference; lastKnownFileType = text.plist.xml; path = Info.plist; sourceTree = "<group>"; };
		14231041240DD8980046B5B7 /* ParstagramTests.xctest */ = {isa = PBXFileReference; explicitFileType = wrapper.cfbundle; includeInIndex = 0; path = ParstagramTests.xctest; sourceTree = BUILT_PRODUCTS_DIR; };
		14231045240DD8980046B5B7 /* ParstagramTests.swift */ = {isa = PBXFileReference; lastKnownFileType = sourcecode.swift; path = ParstagramTests.swift; sourceTree = "<group>"; };
		14231047240DD8980046B5B7 /* Info.plist */ = {isa = PBXFileReference; lastKnownFileType = text.plist.xml; path = Info.plist; sourceTree = "<group>"; };
		1423104C240DD8980046B5B7 /* ParstagramUITests.xctest */ = {isa = PBXFileReference; explicitFileType = wrapper.cfbundle; includeInIndex = 0; path = ParstagramUITests.xctest; sourceTree = BUILT_PRODUCTS_DIR; };
		14231050240DD8980046B5B7 /* ParstagramUITests.swift */ = {isa = PBXFileReference; lastKnownFileType = sourcecode.swift; path = ParstagramUITests.swift; sourceTree = "<group>"; };
		14231052240DD8980046B5B7 /* Info.plist */ = {isa = PBXFileReference; lastKnownFileType = text.plist.xml; path = Info.plist; sourceTree = "<group>"; };
		67813B5C919C729A59C92BEA /* Pods_ParstagramTests.framework */ = {isa = PBXFileReference; explicitFileType = wrapper.framework; includeInIndex = 0; path = Pods_ParstagramTests.framework; sourceTree = BUILT_PRODUCTS_DIR; };
		750AE89231170F97A0469A04 /* Pods-Parstagram.debug.xcconfig */ = {isa = PBXFileReference; includeInIndex = 1; lastKnownFileType = text.xcconfig; name = "Pods-Parstagram.debug.xcconfig"; path = "Target Support Files/Pods-Parstagram/Pods-Parstagram.debug.xcconfig"; sourceTree = "<group>"; };
		92F6708B0CC0B3F1B50CE919 /* Pods_Parstagram_ParstagramUITests.framework */ = {isa = PBXFileReference; explicitFileType = wrapper.framework; includeInIndex = 0; path = Pods_Parstagram_ParstagramUITests.framework; sourceTree = BUILT_PRODUCTS_DIR; };
		9E75003AAC163E9712A0179B /* Pods_Parstagram.framework */ = {isa = PBXFileReference; explicitFileType = wrapper.framework; includeInIndex = 0; path = Pods_Parstagram.framework; sourceTree = BUILT_PRODUCTS_DIR; };
		A4304A908CDAB196B86EFC98 /* Pods-ParstagramTests.debug.xcconfig */ = {isa = PBXFileReference; includeInIndex = 1; lastKnownFileType = text.xcconfig; name = "Pods-ParstagramTests.debug.xcconfig"; path = "Target Support Files/Pods-ParstagramTests/Pods-ParstagramTests.debug.xcconfig"; sourceTree = "<group>"; };
		AE2355875EFDE02F2D985FF6 /* Pods-Parstagram-ParstagramUITests.debug.xcconfig */ = {isa = PBXFileReference; includeInIndex = 1; lastKnownFileType = text.xcconfig; name = "Pods-Parstagram-ParstagramUITests.debug.xcconfig"; path = "Target Support Files/Pods-Parstagram-ParstagramUITests/Pods-Parstagram-ParstagramUITests.debug.xcconfig"; sourceTree = "<group>"; };
		BB23620D47B33F5F534C3E35 /* Pods-Parstagram-ParstagramUITests.release.xcconfig */ = {isa = PBXFileReference; includeInIndex = 1; lastKnownFileType = text.xcconfig; name = "Pods-Parstagram-ParstagramUITests.release.xcconfig"; path = "Target Support Files/Pods-Parstagram-ParstagramUITests/Pods-Parstagram-ParstagramUITests.release.xcconfig"; sourceTree = "<group>"; };
		D3CE02DC5060FE3A939E3F8B /* Pods-Parstagram.release.xcconfig */ = {isa = PBXFileReference; includeInIndex = 1; lastKnownFileType = text.xcconfig; name = "Pods-Parstagram.release.xcconfig"; path = "Target Support Files/Pods-Parstagram/Pods-Parstagram.release.xcconfig"; sourceTree = "<group>"; };
		DD0E2DEE2786492A8E1B9904 /* Pods-ParstagramTests.release.xcconfig */ = {isa = PBXFileReference; includeInIndex = 1; lastKnownFileType = text.xcconfig; name = "Pods-ParstagramTests.release.xcconfig"; path = "Target Support Files/Pods-ParstagramTests/Pods-ParstagramTests.release.xcconfig"; sourceTree = "<group>"; };
/* End PBXFileReference section */

/* Begin PBXFrameworksBuildPhase section */
		14231028240DD8940046B5B7 /* Frameworks */ = {
			isa = PBXFrameworksBuildPhase;
			buildActionMask = 2147483647;
			files = (
				088CB14D8D97971150F6914F /* Pods_Parstagram.framework in Frameworks */,
			);
			runOnlyForDeploymentPostprocessing = 0;
		};
		1423103E240DD8980046B5B7 /* Frameworks */ = {
			isa = PBXFrameworksBuildPhase;
			buildActionMask = 2147483647;
			files = (
				E37D83D5F463BBFE6E6B40E4 /* Pods_ParstagramTests.framework in Frameworks */,
			);
			runOnlyForDeploymentPostprocessing = 0;
		};
		14231049240DD8980046B5B7 /* Frameworks */ = {
			isa = PBXFrameworksBuildPhase;
			buildActionMask = 2147483647;
			files = (
				F5C73C5B29F5BBF85BE71118 /* Pods_Parstagram_ParstagramUITests.framework in Frameworks */,
			);
			runOnlyForDeploymentPostprocessing = 0;
		};
/* End PBXFrameworksBuildPhase section */

/* Begin PBXGroup section */
		14231022240DD8940046B5B7 = {
			isa = PBXGroup;
			children = (
				1423102D240DD8950046B5B7 /* Parstagram */,
				14231044240DD8980046B5B7 /* ParstagramTests */,
				1423104F240DD8980046B5B7 /* ParstagramUITests */,
				1423102C240DD8950046B5B7 /* Products */,
				2BF442B1E17B879F19B0347E /* Pods */,
				3067FBB3291CF3A9D3FF61F2 /* Frameworks */,
			);
			sourceTree = "<group>";
		};
		1423102C240DD8950046B5B7 /* Products */ = {
			isa = PBXGroup;
			children = (
				1423102B240DD8950046B5B7 /* Parstagram.app */,
				14231041240DD8980046B5B7 /* ParstagramTests.xctest */,
				1423104C240DD8980046B5B7 /* ParstagramUITests.xctest */,
			);
			name = Products;
			sourceTree = "<group>";
		};
		1423102D240DD8950046B5B7 /* Parstagram */ = {
			isa = PBXGroup;
			children = (
				1423102E240DD8950046B5B7 /* AppDelegate.swift */,
				14231030240DD8950046B5B7 /* SceneDelegate.swift */,
				14231034240DD8950046B5B7 /* Main.storyboard */,
				14231037240DD8970046B5B7 /* Assets.xcassets */,
				14231039240DD8970046B5B7 /* LaunchScreen.storyboard */,
				1423103C240DD8970046B5B7 /* Info.plist */,
				14102E39240DE54100133777 /* LoginViewController.swift */,
				14102E3B240DE55B00133777 /* FeedViewController.swift */,
				14102E3D240DF52500133777 /* CameraViewController.swift */,
				14102E3F240E190E00133777 /* PostCell.swift */,
			);
			path = Parstagram;
			sourceTree = "<group>";
		};
		14231044240DD8980046B5B7 /* ParstagramTests */ = {
			isa = PBXGroup;
			children = (
				14231045240DD8980046B5B7 /* ParstagramTests.swift */,
				14231047240DD8980046B5B7 /* Info.plist */,
			);
			path = ParstagramTests;
			sourceTree = "<group>";
		};
		1423104F240DD8980046B5B7 /* ParstagramUITests */ = {
			isa = PBXGroup;
			children = (
				14231050240DD8980046B5B7 /* ParstagramUITests.swift */,
				14231052240DD8980046B5B7 /* Info.plist */,
			);
			path = ParstagramUITests;
			sourceTree = "<group>";
		};
		2BF442B1E17B879F19B0347E /* Pods */ = {
			isa = PBXGroup;
			children = (
				750AE89231170F97A0469A04 /* Pods-Parstagram.debug.xcconfig */,
				D3CE02DC5060FE3A939E3F8B /* Pods-Parstagram.release.xcconfig */,
				AE2355875EFDE02F2D985FF6 /* Pods-Parstagram-ParstagramUITests.debug.xcconfig */,
				BB23620D47B33F5F534C3E35 /* Pods-Parstagram-ParstagramUITests.release.xcconfig */,
				A4304A908CDAB196B86EFC98 /* Pods-ParstagramTests.debug.xcconfig */,
				DD0E2DEE2786492A8E1B9904 /* Pods-ParstagramTests.release.xcconfig */,
			);
			path = Pods;
			sourceTree = "<group>";
		};
		3067FBB3291CF3A9D3FF61F2 /* Frameworks */ = {
			isa = PBXGroup;
			children = (
				9E75003AAC163E9712A0179B /* Pods_Parstagram.framework */,
				92F6708B0CC0B3F1B50CE919 /* Pods_Parstagram_ParstagramUITests.framework */,
				67813B5C919C729A59C92BEA /* Pods_ParstagramTests.framework */,
			);
			name = Frameworks;
			sourceTree = "<group>";
		};
/* End PBXGroup section */

/* Begin PBXNativeTarget section */
		1423102A240DD8940046B5B7 /* Parstagram */ = {
			isa = PBXNativeTarget;
			buildConfigurationList = 14231055240DD8980046B5B7 /* Build configuration list for PBXNativeTarget "Parstagram" */;
			buildPhases = (
				F2A100BDB4CC5C26B4EA2FCE /* [CP] Check Pods Manifest.lock */,
				14231027240DD8940046B5B7 /* Sources */,
				14231028240DD8940046B5B7 /* Frameworks */,
				14231029240DD8940046B5B7 /* Resources */,
				B7F95A92E1B8E82262AF6175 /* [CP] Embed Pods Frameworks */,
			);
			buildRules = (
			);
			dependencies = (
			);
			name = Parstagram;
			productName = Parstagram;
			productReference = 1423102B240DD8950046B5B7 /* Parstagram.app */;
			productType = "com.apple.product-type.application";
		};
		14231040240DD8980046B5B7 /* ParstagramTests */ = {
			isa = PBXNativeTarget;
			buildConfigurationList = 14231058240DD8980046B5B7 /* Build configuration list for PBXNativeTarget "ParstagramTests" */;
			buildPhases = (
				981F433575C7AD1A1FFAD937 /* [CP] Check Pods Manifest.lock */,
				1423103D240DD8980046B5B7 /* Sources */,
				1423103E240DD8980046B5B7 /* Frameworks */,
				1423103F240DD8980046B5B7 /* Resources */,
			);
			buildRules = (
			);
			dependencies = (
				14231043240DD8980046B5B7 /* PBXTargetDependency */,
			);
			name = ParstagramTests;
			productName = ParstagramTests;
			productReference = 14231041240DD8980046B5B7 /* ParstagramTests.xctest */;
			productType = "com.apple.product-type.bundle.unit-test";
		};
		1423104B240DD8980046B5B7 /* ParstagramUITests */ = {
			isa = PBXNativeTarget;
			buildConfigurationList = 1423105B240DD8980046B5B7 /* Build configuration list for PBXNativeTarget "ParstagramUITests" */;
			buildPhases = (
				24629FA74F982F44E9F89DD4 /* [CP] Check Pods Manifest.lock */,
				14231048240DD8980046B5B7 /* Sources */,
				14231049240DD8980046B5B7 /* Frameworks */,
				1423104A240DD8980046B5B7 /* Resources */,
				E0212A3D9C42C8985534164D /* [CP] Embed Pods Frameworks */,
			);
			buildRules = (
			);
			dependencies = (
				1423104E240DD8980046B5B7 /* PBXTargetDependency */,
			);
			name = ParstagramUITests;
			productName = ParstagramUITests;
			productReference = 1423104C240DD8980046B5B7 /* ParstagramUITests.xctest */;
			productType = "com.apple.product-type.bundle.ui-testing";
		};
/* End PBXNativeTarget section */

/* Begin PBXProject section */
		14231023240DD8940046B5B7 /* Project object */ = {
			isa = PBXProject;
			attributes = {
				LastSwiftUpdateCheck = 1130;
				LastUpgradeCheck = 1130;
				ORGANIZATIONNAME = "Sean Mills";
				TargetAttributes = {
					1423102A240DD8940046B5B7 = {
						CreatedOnToolsVersion = 11.3.1;
					};
					14231040240DD8980046B5B7 = {
						CreatedOnToolsVersion = 11.3.1;
						TestTargetID = 1423102A240DD8940046B5B7;
					};
					1423104B240DD8980046B5B7 = {
						CreatedOnToolsVersion = 11.3.1;
						TestTargetID = 1423102A240DD8940046B5B7;
					};
				};
			};
			buildConfigurationList = 14231026240DD8940046B5B7 /* Build configuration list for PBXProject "Parstagram" */;
			compatibilityVersion = "Xcode 9.3";
			developmentRegion = en;
			hasScannedForEncodings = 0;
			knownRegions = (
				en,
				Base,
			);
			mainGroup = 14231022240DD8940046B5B7;
			productRefGroup = 1423102C240DD8950046B5B7 /* Products */;
			projectDirPath = "";
			projectRoot = "";
			targets = (
				1423102A240DD8940046B5B7 /* Parstagram */,
				14231040240DD8980046B5B7 /* ParstagramTests */,
				1423104B240DD8980046B5B7 /* ParstagramUITests */,
			);
		};
/* End PBXProject section */

/* Begin PBXResourcesBuildPhase section */
		14231029240DD8940046B5B7 /* Resources */ = {
			isa = PBXResourcesBuildPhase;
			buildActionMask = 2147483647;
			files = (
				1423103B240DD8970046B5B7 /* LaunchScreen.storyboard in Resources */,
				14231038240DD8970046B5B7 /* Assets.xcassets in Resources */,
				14231036240DD8950046B5B7 /* Main.storyboard in Resources */,
			);
			runOnlyForDeploymentPostprocessing = 0;
		};
		1423103F240DD8980046B5B7 /* Resources */ = {
			isa = PBXResourcesBuildPhase;
			buildActionMask = 2147483647;
			files = (
			);
			runOnlyForDeploymentPostprocessing = 0;
		};
		1423104A240DD8980046B5B7 /* Resources */ = {
			isa = PBXResourcesBuildPhase;
			buildActionMask = 2147483647;
			files = (
			);
			runOnlyForDeploymentPostprocessing = 0;
		};
/* End PBXResourcesBuildPhase section */

/* Begin PBXShellScriptBuildPhase section */
		24629FA74F982F44E9F89DD4 /* [CP] Check Pods Manifest.lock */ = {
			isa = PBXShellScriptBuildPhase;
			buildActionMask = 2147483647;
			files = (
			);
			inputFileListPaths = (
			);
			inputPaths = (
				"${PODS_PODFILE_DIR_PATH}/Podfile.lock",
				"${PODS_ROOT}/Manifest.lock",
			);
			name = "[CP] Check Pods Manifest.lock";
			outputFileListPaths = (
			);
			outputPaths = (
				"$(DERIVED_FILE_DIR)/Pods-Parstagram-ParstagramUITests-checkManifestLockResult.txt",
			);
			runOnlyForDeploymentPostprocessing = 0;
			shellPath = /bin/sh;
			shellScript = "diff \"${PODS_PODFILE_DIR_PATH}/Podfile.lock\" \"${PODS_ROOT}/Manifest.lock\" > /dev/null\nif [ $? != 0 ] ; then\n    # print error to STDERR\n    echo \"error: The sandbox is not in sync with the Podfile.lock. Run 'pod install' or update your CocoaPods installation.\" >&2\n    exit 1\nfi\n# This output is used by Xcode 'outputs' to avoid re-running this script phase.\necho \"SUCCESS\" > \"${SCRIPT_OUTPUT_FILE_0}\"\n";
			showEnvVarsInLog = 0;
		};
		981F433575C7AD1A1FFAD937 /* [CP] Check Pods Manifest.lock */ = {
			isa = PBXShellScriptBuildPhase;
			buildActionMask = 2147483647;
			files = (
			);
			inputFileListPaths = (
			);
			inputPaths = (
				"${PODS_PODFILE_DIR_PATH}/Podfile.lock",
				"${PODS_ROOT}/Manifest.lock",
			);
			name = "[CP] Check Pods Manifest.lock";
			outputFileListPaths = (
			);
			outputPaths = (
				"$(DERIVED_FILE_DIR)/Pods-ParstagramTests-checkManifestLockResult.txt",
			);
			runOnlyForDeploymentPostprocessing = 0;
			shellPath = /bin/sh;
			shellScript = "diff \"${PODS_PODFILE_DIR_PATH}/Podfile.lock\" \"${PODS_ROOT}/Manifest.lock\" > /dev/null\nif [ $? != 0 ] ; then\n    # print error to STDERR\n    echo \"error: The sandbox is not in sync with the Podfile.lock. Run 'pod install' or update your CocoaPods installation.\" >&2\n    exit 1\nfi\n# This output is used by Xcode 'outputs' to avoid re-running this script phase.\necho \"SUCCESS\" > \"${SCRIPT_OUTPUT_FILE_0}\"\n";
			showEnvVarsInLog = 0;
		};
		B7F95A92E1B8E82262AF6175 /* [CP] Embed Pods Frameworks */ = {
			isa = PBXShellScriptBuildPhase;
			buildActionMask = 2147483647;
			files = (
			);
			inputFileListPaths = (
				"${PODS_ROOT}/Target Support Files/Pods-Parstagram/Pods-Parstagram-frameworks-${CONFIGURATION}-input-files.xcfilelist",
			);
			name = "[CP] Embed Pods Frameworks";
			outputFileListPaths = (
				"${PODS_ROOT}/Target Support Files/Pods-Parstagram/Pods-Parstagram-frameworks-${CONFIGURATION}-output-files.xcfilelist",
			);
			runOnlyForDeploymentPostprocessing = 0;
			shellPath = /bin/sh;
			shellScript = "\"${PODS_ROOT}/Target Support Files/Pods-Parstagram/Pods-Parstagram-frameworks.sh\"\n";
			showEnvVarsInLog = 0;
		};
		E0212A3D9C42C8985534164D /* [CP] Embed Pods Frameworks */ = {
			isa = PBXShellScriptBuildPhase;
			buildActionMask = 2147483647;
			files = (
			);
			inputFileListPaths = (
				"${PODS_ROOT}/Target Support Files/Pods-Parstagram-ParstagramUITests/Pods-Parstagram-ParstagramUITests-frameworks-${CONFIGURATION}-input-files.xcfilelist",
			);
			name = "[CP] Embed Pods Frameworks";
			outputFileListPaths = (
				"${PODS_ROOT}/Target Support Files/Pods-Parstagram-ParstagramUITests/Pods-Parstagram-ParstagramUITests-frameworks-${CONFIGURATION}-output-files.xcfilelist",
			);
			runOnlyForDeploymentPostprocessing = 0;
			shellPath = /bin/sh;
			shellScript = "\"${PODS_ROOT}/Target Support Files/Pods-Parstagram-ParstagramUITests/Pods-Parstagram-ParstagramUITests-frameworks.sh\"\n";
			showEnvVarsInLog = 0;
		};
		F2A100BDB4CC5C26B4EA2FCE /* [CP] Check Pods Manifest.lock */ = {
			isa = PBXShellScriptBuildPhase;
			buildActionMask = 2147483647;
			files = (
			);
			inputFileListPaths = (
			);
			inputPaths = (
				"${PODS_PODFILE_DIR_PATH}/Podfile.lock",
				"${PODS_ROOT}/Manifest.lock",
			);
			name = "[CP] Check Pods Manifest.lock";
			outputFileListPaths = (
			);
			outputPaths = (
				"$(DERIVED_FILE_DIR)/Pods-Parstagram-checkManifestLockResult.txt",
			);
			runOnlyForDeploymentPostprocessing = 0;
			shellPath = /bin/sh;
			shellScript = "diff \"${PODS_PODFILE_DIR_PATH}/Podfile.lock\" \"${PODS_ROOT}/Manifest.lock\" > /dev/null\nif [ $? != 0 ] ; then\n    # print error to STDERR\n    echo \"error: The sandbox is not in sync with the Podfile.lock. Run 'pod install' or update your CocoaPods installation.\" >&2\n    exit 1\nfi\n# This output is used by Xcode 'outputs' to avoid re-running this script phase.\necho \"SUCCESS\" > \"${SCRIPT_OUTPUT_FILE_0}\"\n";
			showEnvVarsInLog = 0;
		};
/* End PBXShellScriptBuildPhase section */

/* Begin PBXSourcesBuildPhase section */
		14231027240DD8940046B5B7 /* Sources */ = {
			isa = PBXSourcesBuildPhase;
			buildActionMask = 2147483647;
			files = (
				14102E3A240DE54100133777 /* LoginViewController.swift in Sources */,
				14102E3E240DF52500133777 /* CameraViewController.swift in Sources */,
				1423102F240DD8950046B5B7 /* AppDelegate.swift in Sources */,
				14102E3C240DE55B00133777 /* FeedViewController.swift in Sources */,
				14231031240DD8950046B5B7 /* SceneDelegate.swift in Sources */,
				14102E40240E190E00133777 /* PostCell.swift in Sources */,
			);
			runOnlyForDeploymentPostprocessing = 0;
		};
		1423103D240DD8980046B5B7 /* Sources */ = {
			isa = PBXSourcesBuildPhase;
			buildActionMask = 2147483647;
			files = (
				14231046240DD8980046B5B7 /* ParstagramTests.swift in Sources */,
			);
			runOnlyForDeploymentPostprocessing = 0;
		};
		14231048240DD8980046B5B7 /* Sources */ = {
			isa = PBXSourcesBuildPhase;
			buildActionMask = 2147483647;
			files = (
				14231051240DD8980046B5B7 /* ParstagramUITests.swift in Sources */,
			);
			runOnlyForDeploymentPostprocessing = 0;
		};
/* End PBXSourcesBuildPhase section */

/* Begin PBXTargetDependency section */
		14231043240DD8980046B5B7 /* PBXTargetDependency */ = {
			isa = PBXTargetDependency;
			target = 1423102A240DD8940046B5B7 /* Parstagram */;
			targetProxy = 14231042240DD8980046B5B7 /* PBXContainerItemProxy */;
		};
		1423104E240DD8980046B5B7 /* PBXTargetDependency */ = {
			isa = PBXTargetDependency;
			target = 1423102A240DD8940046B5B7 /* Parstagram */;
			targetProxy = 1423104D240DD8980046B5B7 /* PBXContainerItemProxy */;
		};
/* End PBXTargetDependency section */

/* Begin PBXVariantGroup section */
		14231034240DD8950046B5B7 /* Main.storyboard */ = {
			isa = PBXVariantGroup;
			children = (
				14231035240DD8950046B5B7 /* Base */,
			);
			name = Main.storyboard;
			sourceTree = "<group>";
		};
		14231039240DD8970046B5B7 /* LaunchScreen.storyboard */ = {
			isa = PBXVariantGroup;
			children = (
				1423103A240DD8970046B5B7 /* Base */,
			);
			name = LaunchScreen.storyboard;
			sourceTree = "<group>";
		};
/* End PBXVariantGroup section */

/* Begin XCBuildConfiguration section */
		14231053240DD8980046B5B7 /* Debug */ = {
			isa = XCBuildConfiguration;
			buildSettings = {
				ALWAYS_SEARCH_USER_PATHS = NO;
				CLANG_ANALYZER_NONNULL = YES;
				CLANG_ANALYZER_NUMBER_OBJECT_CONVERSION = YES_AGGRESSIVE;
				CLANG_CXX_LANGUAGE_STANDARD = "gnu++14";
				CLANG_CXX_LIBRARY = "libc++";
				CLANG_ENABLE_MODULES = YES;
				CLANG_ENABLE_OBJC_ARC = YES;
				CLANG_ENABLE_OBJC_WEAK = YES;
				CLANG_WARN_BLOCK_CAPTURE_AUTORELEASING = YES;
				CLANG_WARN_BOOL_CONVERSION = YES;
				CLANG_WARN_COMMA = YES;
				CLANG_WARN_CONSTANT_CONVERSION = YES;
				CLANG_WARN_DEPRECATED_OBJC_IMPLEMENTATIONS = YES;
				CLANG_WARN_DIRECT_OBJC_ISA_USAGE = YES_ERROR;
				CLANG_WARN_DOCUMENTATION_COMMENTS = YES;
				CLANG_WARN_EMPTY_BODY = YES;
				CLANG_WARN_ENUM_CONVERSION = YES;
				CLANG_WARN_INFINITE_RECURSION = YES;
				CLANG_WARN_INT_CONVERSION = YES;
				CLANG_WARN_NON_LITERAL_NULL_CONVERSION = YES;
				CLANG_WARN_OBJC_IMPLICIT_RETAIN_SELF = YES;
				CLANG_WARN_OBJC_LITERAL_CONVERSION = YES;
				CLANG_WARN_OBJC_ROOT_CLASS = YES_ERROR;
				CLANG_WARN_RANGE_LOOP_ANALYSIS = YES;
				CLANG_WARN_STRICT_PROTOTYPES = YES;
				CLANG_WARN_SUSPICIOUS_MOVE = YES;
				CLANG_WARN_UNGUARDED_AVAILABILITY = YES_AGGRESSIVE;
				CLANG_WARN_UNREACHABLE_CODE = YES;
				CLANG_WARN__DUPLICATE_METHOD_MATCH = YES;
				COPY_PHASE_STRIP = NO;
				DEBUG_INFORMATION_FORMAT = dwarf;
				ENABLE_STRICT_OBJC_MSGSEND = YES;
				ENABLE_TESTABILITY = YES;
				GCC_C_LANGUAGE_STANDARD = gnu11;
				GCC_DYNAMIC_NO_PIC = NO;
				GCC_NO_COMMON_BLOCKS = YES;
				GCC_OPTIMIZATION_LEVEL = 0;
				GCC_PREPROCESSOR_DEFINITIONS = (
					"DEBUG=1",
					"$(inherited)",
				);
				GCC_WARN_64_TO_32_BIT_CONVERSION = YES;
				GCC_WARN_ABOUT_RETURN_TYPE = YES_ERROR;
				GCC_WARN_UNDECLARED_SELECTOR = YES;
				GCC_WARN_UNINITIALIZED_AUTOS = YES_AGGRESSIVE;
				GCC_WARN_UNUSED_FUNCTION = YES;
				GCC_WARN_UNUSED_VARIABLE = YES;
				IPHONEOS_DEPLOYMENT_TARGET = 13.2;
				MTL_ENABLE_DEBUG_INFO = INCLUDE_SOURCE;
				MTL_FAST_MATH = YES;
				ONLY_ACTIVE_ARCH = YES;
				SDKROOT = iphoneos;
				SWIFT_ACTIVE_COMPILATION_CONDITIONS = DEBUG;
				SWIFT_OPTIMIZATION_LEVEL = "-Onone";
			};
			name = Debug;
		};
		14231054240DD8980046B5B7 /* Release */ = {
			isa = XCBuildConfiguration;
			buildSettings = {
				ALWAYS_SEARCH_USER_PATHS = NO;
				CLANG_ANALYZER_NONNULL = YES;
				CLANG_ANALYZER_NUMBER_OBJECT_CONVERSION = YES_AGGRESSIVE;
				CLANG_CXX_LANGUAGE_STANDARD = "gnu++14";
				CLANG_CXX_LIBRARY = "libc++";
				CLANG_ENABLE_MODULES = YES;
				CLANG_ENABLE_OBJC_ARC = YES;
				CLANG_ENABLE_OBJC_WEAK = YES;
				CLANG_WARN_BLOCK_CAPTURE_AUTORELEASING = YES;
				CLANG_WARN_BOOL_CONVERSION = YES;
				CLANG_WARN_COMMA = YES;
				CLANG_WARN_CONSTANT_CONVERSION = YES;
				CLANG_WARN_DEPRECATED_OBJC_IMPLEMENTATIONS = YES;
				CLANG_WARN_DIRECT_OBJC_ISA_USAGE = YES_ERROR;
				CLANG_WARN_DOCUMENTATION_COMMENTS = YES;
				CLANG_WARN_EMPTY_BODY = YES;
				CLANG_WARN_ENUM_CONVERSION = YES;
				CLANG_WARN_INFINITE_RECURSION = YES;
				CLANG_WARN_INT_CONVERSION = YES;
				CLANG_WARN_NON_LITERAL_NULL_CONVERSION = YES;
				CLANG_WARN_OBJC_IMPLICIT_RETAIN_SELF = YES;
				CLANG_WARN_OBJC_LITERAL_CONVERSION = YES;
				CLANG_WARN_OBJC_ROOT_CLASS = YES_ERROR;
				CLANG_WARN_RANGE_LOOP_ANALYSIS = YES;
				CLANG_WARN_STRICT_PROTOTYPES = YES;
				CLANG_WARN_SUSPICIOUS_MOVE = YES;
				CLANG_WARN_UNGUARDED_AVAILABILITY = YES_AGGRESSIVE;
				CLANG_WARN_UNREACHABLE_CODE = YES;
				CLANG_WARN__DUPLICATE_METHOD_MATCH = YES;
				COPY_PHASE_STRIP = NO;
				DEBUG_INFORMATION_FORMAT = "dwarf-with-dsym";
				ENABLE_NS_ASSERTIONS = NO;
				ENABLE_STRICT_OBJC_MSGSEND = YES;
				GCC_C_LANGUAGE_STANDARD = gnu11;
				GCC_NO_COMMON_BLOCKS = YES;
				GCC_WARN_64_TO_32_BIT_CONVERSION = YES;
				GCC_WARN_ABOUT_RETURN_TYPE = YES_ERROR;
				GCC_WARN_UNDECLARED_SELECTOR = YES;
				GCC_WARN_UNINITIALIZED_AUTOS = YES_AGGRESSIVE;
				GCC_WARN_UNUSED_FUNCTION = YES;
				GCC_WARN_UNUSED_VARIABLE = YES;
				IPHONEOS_DEPLOYMENT_TARGET = 13.2;
				MTL_ENABLE_DEBUG_INFO = NO;
				MTL_FAST_MATH = YES;
				SDKROOT = iphoneos;
				SWIFT_COMPILATION_MODE = wholemodule;
				SWIFT_OPTIMIZATION_LEVEL = "-O";
				VALIDATE_PRODUCT = YES;
			};
			name = Release;
		};
		14231056240DD8980046B5B7 /* Debug */ = {
			isa = XCBuildConfiguration;
			baseConfigurationReference = 750AE89231170F97A0469A04 /* Pods-Parstagram.debug.xcconfig */;
			buildSettings = {
				ASSETCATALOG_COMPILER_APPICON_NAME = AppIcon;
				CODE_SIGN_STYLE = Automatic;
				INFOPLIST_FILE = Parstagram/Info.plist;
				LD_RUNPATH_SEARCH_PATHS = (
					"$(inherited)",
					"@executable_path/Frameworks",
				);
				PRODUCT_BUNDLE_IDENTIFIER = com.seanmills.Parstagram;
				PRODUCT_NAME = "$(TARGET_NAME)";
				SWIFT_VERSION = 5.0;
				TARGETED_DEVICE_FAMILY = "1,2";
			};
			name = Debug;
		};
		14231057240DD8980046B5B7 /* Release */ = {
			isa = XCBuildConfiguration;
			baseConfigurationReference = D3CE02DC5060FE3A939E3F8B /* Pods-Parstagram.release.xcconfig */;
			buildSettings = {
				ASSETCATALOG_COMPILER_APPICON_NAME = AppIcon;
				CODE_SIGN_STYLE = Automatic;
				INFOPLIST_FILE = Parstagram/Info.plist;
				LD_RUNPATH_SEARCH_PATHS = (
					"$(inherited)",
					"@executable_path/Frameworks",
				);
				PRODUCT_BUNDLE_IDENTIFIER = com.seanmills.Parstagram;
				PRODUCT_NAME = "$(TARGET_NAME)";
				SWIFT_VERSION = 5.0;
				TARGETED_DEVICE_FAMILY = "1,2";
			};
			name = Release;
		};
		14231059240DD8980046B5B7 /* Debug */ = {
			isa = XCBuildConfiguration;
			baseConfigurationReference = A4304A908CDAB196B86EFC98 /* Pods-ParstagramTests.debug.xcconfig */;
			buildSettings = {
				ALWAYS_EMBED_SWIFT_STANDARD_LIBRARIES = YES;
				BUNDLE_LOADER = "$(TEST_HOST)";
				CODE_SIGN_STYLE = Automatic;
				INFOPLIST_FILE = ParstagramTests/Info.plist;
				IPHONEOS_DEPLOYMENT_TARGET = 13.2;
				LD_RUNPATH_SEARCH_PATHS = (
					"$(inherited)",
					"@executable_path/Frameworks",
					"@loader_path/Frameworks",
				);
				PRODUCT_BUNDLE_IDENTIFIER = com.seanmills.ParstagramTests;
				PRODUCT_NAME = "$(TARGET_NAME)";
				SWIFT_VERSION = 5.0;
				TARGETED_DEVICE_FAMILY = "1,2";
				TEST_HOST = "$(BUILT_PRODUCTS_DIR)/Parstagram.app/Parstagram";
			};
			name = Debug;
		};
		1423105A240DD8980046B5B7 /* Release */ = {
			isa = XCBuildConfiguration;
			baseConfigurationReference = DD0E2DEE2786492A8E1B9904 /* Pods-ParstagramTests.release.xcconfig */;
			buildSettings = {
				ALWAYS_EMBED_SWIFT_STANDARD_LIBRARIES = YES;
				BUNDLE_LOADER = "$(TEST_HOST)";
				CODE_SIGN_STYLE = Automatic;
				INFOPLIST_FILE = ParstagramTests/Info.plist;
				IPHONEOS_DEPLOYMENT_TARGET = 13.2;
				LD_RUNPATH_SEARCH_PATHS = (
					"$(inherited)",
					"@executable_path/Frameworks",
					"@loader_path/Frameworks",
				);
				PRODUCT_BUNDLE_IDENTIFIER = com.seanmills.ParstagramTests;
				PRODUCT_NAME = "$(TARGET_NAME)";
				SWIFT_VERSION = 5.0;
				TARGETED_DEVICE_FAMILY = "1,2";
				TEST_HOST = "$(BUILT_PRODUCTS_DIR)/Parstagram.app/Parstagram";
			};
			name = Release;
		};
		1423105C240DD8980046B5B7 /* Debug */ = {
			isa = XCBuildConfiguration;
			baseConfigurationReference = AE2355875EFDE02F2D985FF6 /* Pods-Parstagram-ParstagramUITests.debug.xcconfig */;
			buildSettings = {
				ALWAYS_EMBED_SWIFT_STANDARD_LIBRARIES = YES;
				CODE_SIGN_STYLE = Automatic;
				INFOPLIST_FILE = ParstagramUITests/Info.plist;
				LD_RUNPATH_SEARCH_PATHS = (
					"$(inherited)",
					"@executable_path/Frameworks",
					"@loader_path/Frameworks",
				);
				PRODUCT_BUNDLE_IDENTIFIER = com.seanmills.ParstagramUITests;
				PRODUCT_NAME = "$(TARGET_NAME)";
				SWIFT_VERSION = 5.0;
				TARGETED_DEVICE_FAMILY = "1,2";
				TEST_TARGET_NAME = Parstagram;
			};
			name = Debug;
		};
		1423105D240DD8980046B5B7 /* Release */ = {
			isa = XCBuildConfiguration;
			baseConfigurationReference = BB23620D47B33F5F534C3E35 /* Pods-Parstagram-ParstagramUITests.release.xcconfig */;
			buildSettings = {
				ALWAYS_EMBED_SWIFT_STANDARD_LIBRARIES = YES;
				CODE_SIGN_STYLE = Automatic;
				INFOPLIST_FILE = ParstagramUITests/Info.plist;
				LD_RUNPATH_SEARCH_PATHS = (
					"$(inherited)",
					"@executable_path/Frameworks",
					"@loader_path/Frameworks",
				);
				PRODUCT_BUNDLE_IDENTIFIER = com.seanmills.ParstagramUITests;
				PRODUCT_NAME = "$(TARGET_NAME)";
				SWIFT_VERSION = 5.0;
				TARGETED_DEVICE_FAMILY = "1,2";
				TEST_TARGET_NAME = Parstagram;
			};
			name = Release;
		};
/* End XCBuildConfiguration section */

/* Begin XCConfigurationList section */
		14231026240DD8940046B5B7 /* Build configuration list for PBXProject "Parstagram" */ = {
			isa = XCConfigurationList;
			buildConfigurations = (
				14231053240DD8980046B5B7 /* Debug */,
				14231054240DD8980046B5B7 /* Release */,
			);
			defaultConfigurationIsVisible = 0;
			defaultConfigurationName = Release;
		};
		14231055240DD8980046B5B7 /* Build configuration list for PBXNativeTarget "Parstagram" */ = {
			isa = XCConfigurationList;
			buildConfigurations = (
				14231056240DD8980046B5B7 /* Debug */,
				14231057240DD8980046B5B7 /* Release */,
			);
			defaultConfigurationIsVisible = 0;
			defaultConfigurationName = Release;
		};
		14231058240DD8980046B5B7 /* Build configuration list for PBXNativeTarget "ParstagramTests" */ = {
			isa = XCConfigurationList;
			buildConfigurations = (
				14231059240DD8980046B5B7 /* Debug */,
				1423105A240DD8980046B5B7 /* Release */,
			);
			defaultConfigurationIsVisible = 0;
			defaultConfigurationName = Release;
		};
		1423105B240DD8980046B5B7 /* Build configuration list for PBXNativeTarget "ParstagramUITests" */ = {
			isa = XCConfigurationList;
			buildConfigurations = (
				1423105C240DD8980046B5B7 /* Debug */,
				1423105D240DD8980046B5B7 /* Release */,
			);
			defaultConfigurationIsVisible = 0;
			defaultConfigurationName = Release;
		};
/* End XCConfigurationList section */
	};
	rootObject = 14231023240DD8940046B5B7 /* Project object */;
}
